
Microsoft Visual Studio Solution File, Format Version 12.00
# Visual Studio Version 17
VisualStudioVersion = 17.8.34525.116
MinimumVisualStudioVersion = 10.0.40219.1
Project("{FAE04EC0-301F-11D3-BF4B-00C04F79EFBC}") = "DemoProject", "DemoProject\DemoProject.csproj", "{E4A1AE87-93BB-4775-BCDE-FA4385B5AE04}"
EndProject
Global
	GlobalSection(SolutionConfigurationPlatforms) = preSolution
		Debug|Any CPU = Debug|Any CPU
		Release|Any CPU = Release|Any CPU
	EndGlobalSection
	GlobalSection(ProjectConfigurationPlatforms) = postSolution
		{E4A1AE87-93BB-4775-BCDE-FA4385B5AE04}.Debug|Any CPU.ActiveCfg = Debug|Any CPU
		{E4A1AE87-93BB-4775-BCDE-FA4385B5AE04}.Debug|Any CPU.Build.0 = Debug|Any CPU
		{E4A1AE87-93BB-4775-BCDE-FA4385B5AE04}.Release|Any CPU.ActiveCfg = Release|Any CPU
		{E4A1AE87-93BB-4775-BCDE-FA4385B5AE04}.Release|Any CPU.Build.0 = Release|Any CPU
	EndGlobalSection
	GlobalSection(SolutionProperties) = preSolution
		HideSolutionNode = FALSE
	EndGlobalSection
	GlobalSection(ExtensibilityGlobals) = postSolution
		SolutionGuid = {FF9AE4EE-C3DA-4E36-86DC-A66F8E802219}
	EndGlobalSection
EndGlobal
